dependencies:
- name: common
  repository: https://charts.bitnami.com/bitnami
  version: 1.9.1
- name: postgresql
  repository: https://charts.bitnami.com/bitnami
  version: 10.12.0
- name: minio
  repository: https://charts.bitnami.com/bitnami
  version: 7.3.2
digest: sha256:f4e042b73758f7fcf5163f3a99b6507d3624aa8d5da9ced82dd46a75841078fa
generated: "2021-09-29T15:43:58.594336978+02:00"
