dependencies:
- name: common
  repository: https://charts.bitnami.com/bitnami
  version: 1.9.1
- name: postgresql
  repository: https://charts.bitnami.com/bitnami
  version: 10.10.3
- name: minio
  repository: https://charts.bitnami.com/bitnami
  version: 7.3.2
digest: sha256:af67d0c9d2143917a45d611465dad12c2a90e9bda0433ab089a7c542755c8f9c
generated: "2021-09-28T13:20:04.337459882+02:00"
